
Microsoft Visual Studio Solution File, Format Version 12.00
Project("{FAE04EC0-301F-11D3-BF4B-00C04F79EFBC}") = "BigData", "BigData\BigData.csproj", "{F84A86E4-359B-4B5B-A856-C52B0EFE01AB}"
EndProject
Global
	GlobalSection(SolutionConfigurationPlatforms) = preSolution
		Debug|Any CPU = Debug|Any CPU
		Release|Any CPU = Release|Any CPU
	EndGlobalSection
	GlobalSection(ProjectConfigurationPlatforms) = postSolution
		{F84A86E4-359B-4B5B-A856-C52B0EFE01AB}.Debug|Any CPU.ActiveCfg = Debug|Any CPU
		{F84A86E4-359B-4B5B-A856-C52B0EFE01AB}.Debug|Any CPU.Build.0 = Debug|Any CPU
		{F84A86E4-359B-4B5B-A856-C52B0EFE01AB}.Release|Any CPU.ActiveCfg = Release|Any CPU
		{F84A86E4-359B-4B5B-A856-C52B0EFE01AB}.Release|Any CPU.Build.0 = Release|Any CPU
	EndGlobalSection
EndGlobal
